// !$*UTF8*$!
{
	archiveVersion = 1;
	classes = {
	};
	objectVersion = 48;
	objects = {

/* Begin PBXBuildFile section */
		34A309002005C758009A4C0E /* AppDelegate.m in Sources */ = {isa = PBXBuildFile; fileRef = 34A308FF2005C758009A4C0E /* AppDelegate.m */; };
		34A309082005C758009A4C0E /* Assets.xcassets in Resources */ = {isa = PBXBuildFile; fileRef = 34A309072005C758009A4C0E /* Assets.xcassets */; };
		34A3090E2005C758009A4C0E /* main.m in Sources */ = {isa = PBXBuildFile; fileRef = 34A3090D2005C758009A4C0E /* main.m */; };
		34A309162005D6D3009A4C0E /* RootViewController.m in Sources */ = {isa = PBXBuildFile; fileRef = 34A309152005D6D3009A4C0E /* RootViewController.m */; };
		34A309232006041D009A4C0E /* WHHInvokeRouter.m in Sources */ = {isa = PBXBuildFile; fileRef = 34A3091F2006041D009A4C0E /* WHHInvokeRouter.m */; };
		34A309242006041D009A4C0E /* _interface_login.m in Sources */ = {isa = PBXBuildFile; fileRef = 34A309222006041D009A4C0E /* _interface_login.m */; };
		34A309272006047C009A4C0E /* WHHInvokeRouter+Login.m in Sources */ = {isa = PBXBuildFile; fileRef = 34A309262006047C009A4C0E /* WHHInvokeRouter+Login.m */; };
/* End PBXBuildFile section */

/* Begin PBXFileReference section */
		34A308FB2005C758009A4C0E /* WHHInvokeRouterDemo.app */ = {isa = PBXFileReference; explicitFileType = wrapper.application; includeInIndex = 0; path = WHHInvokeRouterDemo.app; sourceTree = BUILT_PRODUCTS_DIR; };
		34A308FE2005C758009A4C0E /* AppDelegate.h */ = {isa = PBXFileReference; lastKnownFileType = sourcecode.c.h; path = AppDelegate.h; sourceTree = "<group>"; };
		34A308FF2005C758009A4C0E /* AppDelegate.m */ = {isa = PBXFileReference; lastKnownFileType = sourcecode.c.objc; path = AppDelegate.m; sourceTree = "<group>"; };
		34A309072005C758009A4C0E /* Assets.xcassets */ = {isa = PBXFileReference; lastKnownFileType = folder.assetcatalog; path = Assets.xcassets; sourceTree = "<group>"; };
		34A3090C2005C758009A4C0E /* Info.plist */ = {isa = PBXFileReference; lastKnownFileType = text.plist.xml; path = Info.plist; sourceTree = "<group>"; };
		34A3090D2005C758009A4C0E /* main.m */ = {isa = PBXFileReference; lastKnownFileType = sourcecode.c.objc; path = main.m; sourceTree = "<group>"; };
		34A309142005D6D3009A4C0E /* RootViewController.h */ = {isa = PBXFileReference; lastKnownFileType = sourcecode.c.h; path = RootViewController.h; sourceTree = "<group>"; };
		34A309152005D6D3009A4C0E /* RootViewController.m */ = {isa = PBXFileReference; lastKnownFileType = sourcecode.c.objc; path = RootViewController.m; sourceTree = "<group>"; };
		34A3091E2006041D009A4C0E /* WHHInvokeRouter.h */ = {isa = PBXFileReference; fileEncoding = 4; lastKnownFileType = sourcecode.c.h; path = WHHInvokeRouter.h; sourceTree = "<group>"; };
		34A3091F2006041D009A4C0E /* WHHInvokeRouter.m */ = {isa = PBXFileReference; fileEncoding = 4; lastKnownFileType = sourcecode.c.objc; path = WHHInvokeRouter.m; sourceTree = "<group>"; };
		34A309212006041D009A4C0E /* _interface_login.h */ = {isa = PBXFileReference; fileEncoding = 4; lastKnownFileType = sourcecode.c.h; path = _interface_login.h; sourceTree = "<group>"; };
		34A309222006041D009A4C0E /* _interface_login.m */ = {isa = PBXFileReference; fileEncoding = 4; lastKnownFileType = sourcecode.c.objc; path = _interface_login.m; sourceTree = "<group>"; };
		34A309252006047C009A4C0E /* WHHInvokeRouter+Login.h */ = {isa = PBXFileReference; lastKnownFileType = sourcecode.c.h; path = "WHHInvokeRouter+Login.h"; sourceTree = "<group>"; };
		34A309262006047C009A4C0E /* WHHInvokeRouter+Login.m */ = {isa = PBXFileReference; lastKnownFileType = sourcecode.c.objc; path = "WHHInvokeRouter+Login.m"; sourceTree = "<group>"; };
/* End PBXFileReference section */

/* Begin PBXFrameworksBuildPhase section */
		34A308F82005C758009A4C0E /* Frameworks */ = {
			isa = PBXFrameworksBuildPhase;
			buildActionMask = 2147483647;
			files = (
			);
			runOnlyForDeploymentPostprocessing = 0;
		};
/* End PBXFrameworksBuildPhase section */

/* Begin PBXGroup section */
		34A308F22005C758009A4C0E = {
			isa = PBXGroup;
			children = (
				34A308FD2005C758009A4C0E /* WHHInvokeRouterDemo */,
				34A308FC2005C758009A4C0E /* Products */,
			);
			sourceTree = "<group>";
		};
		34A308FC2005C758009A4C0E /* Products */ = {
			isa = PBXGroup;
			children = (
				34A308FB2005C758009A4C0E /* WHHInvokeRouterDemo.app */,
			);
			name = Products;
			sourceTree = "<group>";
		};
		34A308FD2005C758009A4C0E /* WHHInvokeRouterDemo */ = {
			isa = PBXGroup;
			children = (
				34A309202006041D009A4C0E /* Module */,
				34A3091D2006041D009A4C0E /* Router */,
				34A308FE2005C758009A4C0E /* AppDelegate.h */,
				34A308FF2005C758009A4C0E /* AppDelegate.m */,
				34A309072005C758009A4C0E /* Assets.xcassets */,
				34A3090C2005C758009A4C0E /* Info.plist */,
				34A3090D2005C758009A4C0E /* main.m */,
				34A309142005D6D3009A4C0E /* RootViewController.h */,
				34A309152005D6D3009A4C0E /* RootViewController.m */,
			);
			path = WHHInvokeRouterDemo;
			sourceTree = "<group>";
		};
		34A3091D2006041D009A4C0E /* Router */ = {
			isa = PBXGroup;
			children = (
				34A3091E2006041D009A4C0E /* WHHInvokeRouter.h */,
				34A3091F2006041D009A4C0E /* WHHInvokeRouter.m */,
				34A309252006047C009A4C0E /* WHHInvokeRouter+Login.h */,
				34A309262006047C009A4C0E /* WHHInvokeRouter+Login.m */,
			);
			path = Router;
			sourceTree = "<group>";
		};
		34A309202006041D009A4C0E /* Module */ = {
			isa = PBXGroup;
			children = (
				34A309212006041D009A4C0E /* _interface_login.h */,
				34A309222006041D009A4C0E /* _interface_login.m */,
			);
			path = Module;
			sourceTree = "<group>";
		};
/* End PBXGroup section */

/* Begin PBXNativeTarget section */
		34A308FA2005C758009A4C0E /* WHHInvokeRouterDemo */ = {
			isa = PBXNativeTarget;
			buildConfigurationList = 34A309112005C758009A4C0E /* Build configuration list for PBXNativeTarget "WHHInvokeRouterDemo" */;
			buildPhases = (
				34A308F72005C758009A4C0E /* Sources */,
				34A308F82005C758009A4C0E /* Frameworks */,
				34A308F92005C758009A4C0E /* Resources */,
			);
			buildRules = (
			);
			dependencies = (
			);
			name = WHHInvokeRouterDemo;
			productName = WHHInvokeRouterDemo;
			productReference = 34A308FB2005C758009A4C0E /* WHHInvokeRouterDemo.app */;
			productType = "com.apple.product-type.application";
		};
/* End PBXNativeTarget section */

/* Begin PBXProject section */
		34A308F32005C758009A4C0E /* Project object */ = {
			isa = PBXProject;
			attributes = {
				LastUpgradeCheck = 0920;
				ORGANIZATIONNAME = whh;
				TargetAttributes = {
					34A308FA2005C758009A4C0E = {
						CreatedOnToolsVersion = 9.2;
						ProvisioningStyle = Automatic;
					};
				};
			};
			buildConfigurationList = 34A308F62005C758009A4C0E /* Build configuration list for PBXProject "WHHInvokeRouterDemo" */;
			compatibilityVersion = "Xcode 8.0";
			developmentRegion = en;
			hasScannedForEncodings = 0;
			knownRegions = (
				en,
				Base,
			);
			mainGroup = 34A308F22005C758009A4C0E;
			productRefGroup = 34A308FC2005C758009A4C0E /* Products */;
			projectDirPath = "";
			projectRoot = "";
			targets = (
				34A308FA2005C758009A4C0E /* WHHInvokeRouterDemo */,
			);
		};
/* End PBXProject section */

/* Begin PBXResourcesBuildPhase section */
		34A308F92005C758009A4C0E /* Resources */ = {
			isa = PBXResourcesBuildPhase;
			buildActionMask = 2147483647;
			files = (
				34A309082005C758009A4C0E /* Assets.xcassets in Resources */,
			);
			runOnlyForDeploymentPostprocessing = 0;
		};
/* End PBXResourcesBuildPhase section */

/* Begin PBXSourcesBuildPhase section */
		34A308F72005C758009A4C0E /* Sources */ = {
			isa = PBXSourcesBuildPhase;
			buildActionMask = 2147483647;
			files = (
				34A309242006041D009A4C0E /* _interface_login.m in Sources */,
				34A309232006041D009A4C0E /* WHHInvokeRouter.m in Sources */,
				34A3090E2005C758009A4C0E /* main.m in Sources */,
				34A309002005C758009A4C0E /* AppDelegate.m in Sources */,
				34A309272006047C009A4C0E /* WHHInvokeRouter+Login.m in Sources */,
				34A309162005D6D3009A4C0E /* RootViewController.m in Sources */,
			);
			runOnlyForDeploymentPostprocessing = 0;
		};
/* End PBXSourcesBuildPhase section */

/* Begin XCBuildConfiguration section */
		34A3090F2005C758009A4C0E /* Debug */ = {
			isa = XCBuildConfiguration;
			buildSettings = {
				ALWAYS_SEARCH_USER_PATHS = NO;
				CLANG_ANALYZER_NONNULL = YES;
				CLANG_ANALYZER_NUMBER_OBJECT_CONVERSION = YES_AGGRESSIVE;
				CLANG_CXX_LANGUAGE_STANDARD = "gnu++14";
				CLANG_CXX_LIBRARY = "libc++";
				CLANG_ENABLE_MODULES = YES;
				CLANG_ENABLE_OBJC_ARC = YES;
				CLANG_WARN_BLOCK_CAPTURE_AUTORELEASING = YES;
				CLANG_WARN_BOOL_CONVERSION = YES;
				CLANG_WARN_COMMA = YES;
				CLANG_WARN_CONSTANT_CONVERSION = YES;
				CLANG_WARN_DIRECT_OBJC_ISA_USAGE = YES_ERROR;
				CLANG_WARN_DOCUMENTATION_COMMENTS = YES;
				CLANG_WARN_EMPTY_BODY = YES;
				CLANG_WARN_ENUM_CONVERSION = YES;
				CLANG_WARN_INFINITE_RECURSION = YES;
				CLANG_WARN_INT_CONVERSION = YES;
				CLANG_WARN_NON_LITERAL_NULL_CONVERSION = YES;
				CLANG_WARN_OBJC_LITERAL_CONVERSION = YES;
				CLANG_WARN_OBJC_ROOT_CLASS = YES_ERROR;
				CLANG_WARN_RANGE_LOOP_ANALYSIS = YES;
				CLANG_WARN_STRICT_PROTOTYPES = YES;
				CLANG_WARN_SUSPICIOUS_MOVE = YES;
				CLANG_WARN_UNGUARDED_AVAILABILITY = YES_AGGRESSIVE;
				CLANG_WARN_UNREACHABLE_CODE = YES;
				CLANG_WARN__DUPLICATE_METHOD_MATCH = YES;
				CODE_SIGN_IDENTITY = "iPhone Developer";
				COPY_PHASE_STRIP = NO;
				DEBUG_INFORMATION_FORMAT = dwarf;
				ENABLE_STRICT_OBJC_MSGSEND = YES;
				ENABLE_TESTABILITY = YES;
				GCC_C_LANGUAGE_STANDARD = gnu11;
				GCC_DYNAMIC_NO_PIC = NO;
				GCC_NO_COMMON_BLOCKS = YES;
				GCC_OPTIMIZATION_LEVEL = 0;
				GCC_PREPROCESSOR_DEFINITIONS = (
					"DEBUG=1",
					"$(inherited)",
				);
				GCC_WARN_64_TO_32_BIT_CONVERSION = YES;
				GCC_WARN_ABOUT_RETURN_TYPE = YES_ERROR;
				GCC_WARN_UNDECLARED_SELECTOR = YES;
				GCC_WARN_UNINITIALIZED_AUTOS = YES_AGGRESSIVE;
				GCC_WARN_UNUSED_FUNCTION = YES;
				GCC_WARN_UNUSED_VARIABLE = YES;
				IPHONEOS_DEPLOYMENT_TARGET = 11.2;
				MTL_ENABLE_DEBUG_INFO = YES;
				ONLY_ACTIVE_ARCH = YES;
				SDKROOT = iphoneos;
			};
			name = Debug;
		};
		34A309102005C758009A4C0E /* Release */ = {
			isa = XCBuildConfiguration;
			buildSettings = {
				ALWAYS_SEARCH_USER_PATHS = NO;
				CLANG_ANALYZER_NONNULL = YES;
				CLANG_ANALYZER_NUMBER_OBJECT_CONVERSION = YES_AGGRESSIVE;
				CLANG_CXX_LANGUAGE_STANDARD = "gnu++14";
				CLANG_CXX_LIBRARY = "libc++";
				CLANG_ENABLE_MODULES = YES;
				CLANG_ENABLE_OBJC_ARC = YES;
				CLANG_WARN_BLOCK_CAPTURE_AUTORELEASING = YES;
				CLANG_WARN_BOOL_CONVERSION = YES;
				CLANG_WARN_COMMA = YES;
				CLANG_WARN_CONSTANT_CONVERSION = YES;
				CLANG_WARN_DIRECT_OBJC_ISA_USAGE = YES_ERROR;
				CLANG_WARN_DOCUMENTATION_COMMENTS = YES;
				CLANG_WARN_EMPTY_BODY = YES;
				CLANG_WARN_ENUM_CONVERSION = YES;
				CLANG_WARN_INFINITE_RECURSION = YES;
				CLANG_WARN_INT_CONVERSION = YES;
				CLANG_WARN_NON_LITERAL_NULL_CONVERSION = YES;
				CLANG_WARN_OBJC_LITERAL_CONVERSION = YES;
				CLANG_WARN_OBJC_ROOT_CLASS = YES_ERROR;
				CLANG_WARN_RANGE_LOOP_ANALYSIS = YES;
				CLANG_WARN_STRICT_PROTOTYPES = YES;
				CLANG_WARN_SUSPICIOUS_MOVE = YES;
				CLANG_WARN_UNGUARDED_AVAILABILITY = YES_AGGRESSIVE;
				CLANG_WARN_UNREACHABLE_CODE = YES;
				CLANG_WARN__DUPLICATE_METHOD_MATCH = YES;
				CODE_SIGN_IDENTITY = "iPhone Developer";
				COPY_PHASE_STRIP = NO;
				DEBUG_INFORMATION_FORMAT = "dwarf-with-dsym";
				ENABLE_NS_ASSERTIONS = NO;
				ENABLE_STRICT_OBJC_MSGSEND = YES;
				GCC_C_LANGUAGE_STANDARD = gnu11;
				GCC_NO_COMMON_BLOCKS = YES;
				GCC_WARN_64_TO_32_BIT_CONVERSION = YES;
				GCC_WARN_ABOUT_RETURN_TYPE = YES_ERROR;
				GCC_WARN_UNDECLARED_SELECTOR = YES;
				GCC_WARN_UNINITIALIZED_AUTOS = YES_AGGRESSIVE;
				GCC_WARN_UNUSED_FUNCTION = YES;
				GCC_WARN_UNUSED_VARIABLE = YES;
				IPHONEOS_DEPLOYMENT_TARGET = 11.2;
				MTL_ENABLE_DEBUG_INFO = NO;
				SDKROOT = iphoneos;
				VALIDATE_PRODUCT = YES;
			};
			name = Release;
		};
		34A309122005C758009A4C0E /* Debug */ = {
			isa = XCBuildConfiguration;
			buildSettings = {
				ASSETCATALOG_COMPILER_APPICON_NAME = AppIcon;
				ASSETCATALOG_COMPILER_LAUNCHIMAGE_NAME = LaunchImage;
				CODE_SIGN_STYLE = Automatic;
				DEVELOPMENT_TEAM = C2FTEL4A55;
				INFOPLIST_FILE = WHHInvokeRouterDemo/Info.plist;
				IPHONEOS_DEPLOYMENT_TARGET = 8.0;
				LD_RUNPATH_SEARCH_PATHS = "$(inherited) @executable_path/Frameworks";
				PRODUCT_BUNDLE_IDENTIFIER = whh.StudyC.WHHInvokeRouterDemo;
				PRODUCT_NAME = "$(TARGET_NAME)";
				TARGETED_DEVICE_FAMILY = 1;
			};
			name = Debug;
		};
		34A309132005C758009A4C0E /* Release */ = {
			isa = XCBuildConfiguration;
			buildSettings = {
				ASSETCATALOG_COMPILER_APPICON_NAME = AppIcon;
				ASSETCATALOG_COMPILER_LAUNCHIMAGE_NAME = LaunchImage;
				CODE_SIGN_STYLE = Automatic;
				DEVELOPMENT_TEAM = C2FTEL4A55;
				INFOPLIST_FILE = WHHInvokeRouterDemo/Info.plist;
				IPHONEOS_DEPLOYMENT_TARGET = 8.0;
				LD_RUNPATH_SEARCH_PATHS = "$(inherited) @executable_path/Frameworks";
				PRODUCT_BUNDLE_IDENTIFIER = whh.StudyC.WHHInvokeRouterDemo;
				PRODUCT_NAME = "$(TARGET_NAME)";
				TARGETED_DEVICE_FAMILY = 1;
			};
			name = Release;
		};
/* End XCBuildConfiguration section */

/* Begin XCConfigurationList section */
		34A308F62005C758009A4C0E /* Build configuration list for PBXProject "WHHInvokeRouterDemo" */ = {
			isa = XCConfigurationList;
			buildConfigurations = (
				34A3090F2005C758009A4C0E /* Debug */,
				34A309102005C758009A4C0E /* Release */,
			);
			defaultConfigurationIsVisible = 0;
			defaultConfigurationName = Release;
		};
		34A309112005C758009A4C0E /* Build configuration list for PBXNativeTarget "WHHInvokeRouterDemo" */ = {
			isa = XCConfigurationList;
			buildConfigurations = (
				34A309122005C758009A4C0E /* Debug */,
				34A309132005C758009A4C0E /* Release */,
			);
			defaultConfigurationIsVisible = 0;
			defaultConfigurationName = Release;
		};
/* End XCConfigurationList section */
	};
	rootObject = 34A308F32005C758009A4C0E /* Project object */;
}
